
Microsoft Visual Studio Solution File, Format Version 12.00
# Visual Studio Version 17
VisualStudioVersion = 17.11.35208.52
MinimumVisualStudioVersion = 10.0.40219.1
Project("{9A19103F-16F7-4668-BE54-9A1E7A4F7556}") = "PoC.Orchestration.Api", "PoC.Orchestration.Api\PoC.Orchestration.Api.csproj", "{3EAB4FD3-5C11-42D4-AAFC-6ACA0DD70452}"
EndProject
Project("{9A19103F-16F7-4668-BE54-9A1E7A4F7556}") = "PoC.Orchestration.Common", "PoC.Orchestration.Common\PoC.Orchestration.Common.csproj", "{D24DDD56-7C77-4176-93F9-CA1BEBE0D044}"
EndProject
Project("{54A90642-561A-4BB1-A94E-469ADEE60C69}") = "ngwebui", "ngwebui\ngwebui.esproj", "{54F34A16-3B1E-4183-BB26-146F13966926}"
EndProject
Project("{9A19103F-16F7-4668-BE54-9A1E7A4F7556}") = "PoC.Orchestration.Orchestrator", "PoC.Orchestration.Orchestrator\PoC.Orchestration.Orchestrator.csproj", "{8CAA9961-7C9C-4EFF-A4AD-8D4ABF12EBB9}"
EndProject
Project("{E53339B2-1760-4266-BCC7-CA923CBCF16C}") = "docker-compose", "docker-compose.dcproj", "{CA201CC9-292C-4A04-94D7-5D19FF536C7B}"
EndProject
Project("{2150E333-8FDC-42A3-9474-1A3956D46DE8}") = "Documents", "Documents", "{05F05819-C647-4E8B-B163-4E0C1EF97ECA}"
	ProjectSection(SolutionItems) = preProject
		DIAGRAM.mmd = DIAGRAM.mmd
		README.md = README.md
	EndProjectSection
EndProject
Global
	GlobalSection(SolutionConfigurationPlatforms) = preSolution
		Debug|Any CPU = Debug|Any CPU
		Release|Any CPU = Release|Any CPU
	EndGlobalSection
	GlobalSection(ProjectConfigurationPlatforms) = postSolution
		{3EAB4FD3-5C11-42D4-AAFC-6ACA0DD70452}.Debug|Any CPU.ActiveCfg = Debug|Any CPU
		{3EAB4FD3-5C11-42D4-AAFC-6ACA0DD70452}.Debug|Any CPU.Build.0 = Debug|Any CPU
		{3EAB4FD3-5C11-42D4-AAFC-6ACA0DD70452}.Release|Any CPU.ActiveCfg = Release|Any CPU
		{3EAB4FD3-5C11-42D4-AAFC-6ACA0DD70452}.Release|Any CPU.Build.0 = Release|Any CPU
		{D24DDD56-7C77-4176-93F9-CA1BEBE0D044}.Debug|Any CPU.ActiveCfg = Debug|Any CPU
		{D24DDD56-7C77-4176-93F9-CA1BEBE0D044}.Debug|Any CPU.Build.0 = Debug|Any CPU
		{D24DDD56-7C77-4176-93F9-CA1BEBE0D044}.Release|Any CPU.ActiveCfg = Release|Any CPU
		{D24DDD56-7C77-4176-93F9-CA1BEBE0D044}.Release|Any CPU.Build.0 = Release|Any CPU
		{54F34A16-3B1E-4183-BB26-146F13966926}.Debug|Any CPU.ActiveCfg = Debug|Any CPU
		{54F34A16-3B1E-4183-BB26-146F13966926}.Debug|Any CPU.Build.0 = Debug|Any CPU
		{54F34A16-3B1E-4183-BB26-146F13966926}.Debug|Any CPU.Deploy.0 = Debug|Any CPU
		{54F34A16-3B1E-4183-BB26-146F13966926}.Release|Any CPU.ActiveCfg = Release|Any CPU
		{54F34A16-3B1E-4183-BB26-146F13966926}.Release|Any CPU.Build.0 = Release|Any CPU
		{54F34A16-3B1E-4183-BB26-146F13966926}.Release|Any CPU.Deploy.0 = Release|Any CPU
		{8CAA9961-7C9C-4EFF-A4AD-8D4ABF12EBB9}.Debug|Any CPU.ActiveCfg = Debug|Any CPU
		{8CAA9961-7C9C-4EFF-A4AD-8D4ABF12EBB9}.Debug|Any CPU.Build.0 = Debug|Any CPU
		{8CAA9961-7C9C-4EFF-A4AD-8D4ABF12EBB9}.Release|Any CPU.ActiveCfg = Release|Any CPU
		{8CAA9961-7C9C-4EFF-A4AD-8D4ABF12EBB9}.Release|Any CPU.Build.0 = Release|Any CPU
		{CA201CC9-292C-4A04-94D7-5D19FF536C7B}.Debug|Any CPU.ActiveCfg = Debug|Any CPU
		{CA201CC9-292C-4A04-94D7-5D19FF536C7B}.Debug|Any CPU.Build.0 = Debug|Any CPU
		{CA201CC9-292C-4A04-94D7-5D19FF536C7B}.Release|Any CPU.ActiveCfg = Release|Any CPU
		{CA201CC9-292C-4A04-94D7-5D19FF536C7B}.Release|Any CPU.Build.0 = Release|Any CPU
	EndGlobalSection
	GlobalSection(SolutionProperties) = preSolution
		HideSolutionNode = FALSE
	EndGlobalSection
	GlobalSection(ExtensibilityGlobals) = postSolution
		SolutionGuid = {0AFE1015-C433-4E47-8DA2-E0280B1F2C7D}
	EndGlobalSection
EndGlobal
