
Microsoft Visual Studio Solution File, Format Version 12.00
# Visual Studio Version 17
VisualStudioVersion = 17.11.35208.52
MinimumVisualStudioVersion = 10.0.40219.1
Project("{9A19103F-16F7-4668-BE54-9A1E7A4F7556}") = "PoC.Orchestration.Api", "PoC.Orchestration.Api\PoC.Orchestration.Api.csproj", "{66EFF42D-8D7B-4D36-9D5E-0FC869953336}"
EndProject
Project("{E53339B2-1760-4266-BCC7-CA923CBCF16C}") = "docker-compose", "docker-compose.dcproj", "{F171761D-1EE9-4746-AD81-721F59C49BCA}"
EndProject
Project("{54A90642-561A-4BB1-A94E-469ADEE60C69}") = "ngwebui", "ngwebui\ngwebui.esproj", "{FF604FA7-8050-4250-B4D5-537279E47DB6}"
EndProject
Project("{FAE04EC0-301F-11D3-BF4B-00C04F79EFBC}") = "PoC.Orchestration.Orchestrator", "PoC.Orchestration.Orchestrator\PoC.Orchestration.Orchestrator.csproj", "{DA22A1A8-6124-44E2-B4EB-C4972ABD41BA}"
EndProject
Project("{FAE04EC0-301F-11D3-BF4B-00C04F79EFBC}") = "PoC.Orchestration.Common", "PoC.Orchestration.Common\PoC.Orchestration.Common.csproj", "{811F73CD-790C-42DD-9E8B-225A77D2EFA2}"
EndProject
Global
	GlobalSection(SolutionConfigurationPlatforms) = preSolution
		Debug|Any CPU = Debug|Any CPU
		Release|Any CPU = Release|Any CPU
	EndGlobalSection
	GlobalSection(ProjectConfigurationPlatforms) = postSolution
		{66EFF42D-8D7B-4D36-9D5E-0FC869953336}.Debug|Any CPU.ActiveCfg = Debug|Any CPU
		{66EFF42D-8D7B-4D36-9D5E-0FC869953336}.Debug|Any CPU.Build.0 = Debug|Any CPU
		{66EFF42D-8D7B-4D36-9D5E-0FC869953336}.Release|Any CPU.ActiveCfg = Release|Any CPU
		{66EFF42D-8D7B-4D36-9D5E-0FC869953336}.Release|Any CPU.Build.0 = Release|Any CPU
		{F171761D-1EE9-4746-AD81-721F59C49BCA}.Debug|Any CPU.ActiveCfg = Debug|Any CPU
		{F171761D-1EE9-4746-AD81-721F59C49BCA}.Debug|Any CPU.Build.0 = Debug|Any CPU
		{F171761D-1EE9-4746-AD81-721F59C49BCA}.Release|Any CPU.ActiveCfg = Release|Any CPU
		{F171761D-1EE9-4746-AD81-721F59C49BCA}.Release|Any CPU.Build.0 = Release|Any CPU
		{FF604FA7-8050-4250-B4D5-537279E47DB6}.Debug|Any CPU.ActiveCfg = Debug|Any CPU
		{FF604FA7-8050-4250-B4D5-537279E47DB6}.Debug|Any CPU.Build.0 = Debug|Any CPU
		{FF604FA7-8050-4250-B4D5-537279E47DB6}.Debug|Any CPU.Deploy.0 = Debug|Any CPU
		{FF604FA7-8050-4250-B4D5-537279E47DB6}.Release|Any CPU.ActiveCfg = Release|Any CPU
		{FF604FA7-8050-4250-B4D5-537279E47DB6}.Release|Any CPU.Build.0 = Release|Any CPU
		{FF604FA7-8050-4250-B4D5-537279E47DB6}.Release|Any CPU.Deploy.0 = Release|Any CPU
		{DA22A1A8-6124-44E2-B4EB-C4972ABD41BA}.Debug|Any CPU.ActiveCfg = Debug|Any CPU
		{DA22A1A8-6124-44E2-B4EB-C4972ABD41BA}.Debug|Any CPU.Build.0 = Debug|Any CPU
		{DA22A1A8-6124-44E2-B4EB-C4972ABD41BA}.Release|Any CPU.ActiveCfg = Release|Any CPU
		{DA22A1A8-6124-44E2-B4EB-C4972ABD41BA}.Release|Any CPU.Build.0 = Release|Any CPU
		{811F73CD-790C-42DD-9E8B-225A77D2EFA2}.Debug|Any CPU.ActiveCfg = Debug|Any CPU
		{811F73CD-790C-42DD-9E8B-225A77D2EFA2}.Debug|Any CPU.Build.0 = Debug|Any CPU
		{811F73CD-790C-42DD-9E8B-225A77D2EFA2}.Release|Any CPU.ActiveCfg = Release|Any CPU
		{811F73CD-790C-42DD-9E8B-225A77D2EFA2}.Release|Any CPU.Build.0 = Release|Any CPU
	EndGlobalSection
	GlobalSection(SolutionProperties) = preSolution
		HideSolutionNode = FALSE
	EndGlobalSection
	GlobalSection(ExtensibilityGlobals) = postSolution
		SolutionGuid = {6D32E0A0-6CBB-42EC-AE6A-09AB105D20F0}
	EndGlobalSection
EndGlobal
